{
  "name": "parsers",
  "version": "1.0.0",
  "lockfileVersion": 3,
  "requires": true,
  "packages": {
    "": {
      "name": "parsers",
      "version": "1.0.0",
      "license": "ISC",
      "dependencies": {
        "kamiya-codec": "^4.16.1",
        "lindera-wasm-unidic-nodejs": "^2.3.4"
      }
    },
    "node_modules/kamiya-codec": {
      "version": "4.16.1",
      "resolved": "https://registry.npmjs.org/kamiya-codec/-/kamiya-codec-4.16.1.tgz",
      "integrity": "sha512-1AwY8W6KQ8/+U99Sm7Q9dNeExKpKZvOXnyCj2adg9yKBZJzXvmqN7ePn2tp8hHmu2t8CB74h+m9GF7LonfacfA==",
      "license": "Unlicense"
    },
    "node_modules/lindera-wasm-unidic-nodejs": {
      "version": "2.3.4",
      "resolved": "https://registry.npmjs.org/lindera-wasm-unidic-nodejs/-/lindera-wasm-unidic-nodejs-2.3.4.tgz",
      "integrity": "sha512-XaeVhjfMV4sZjPqMbqYwZwGxnBy4K4blQoSgk+ilkWx/42FPtA0Ty8BPwC8xANHBaRE9+kgDu1lUUrCQOPmNeg==",
      "license": "MIT"
    }
  }
}
