{
  "name": "parsers",
  "version": "1.0.0",
  "lockfileVersion": 3,
  "requires": true,
  "packages": {
    "": {
      "name": "parsers",
      "version": "1.0.0",
      "license": "ISC",
      "dependencies": {
        "kamiya-codec": "^4.16.1"
      }
    },
    "node_modules/kamiya-codec": {
      "version": "4.16.1",
      "resolved": "https://registry.npmjs.org/kamiya-codec/-/kamiya-codec-4.16.1.tgz",
      "integrity": "sha512-1AwY8W6KQ8/+U99Sm7Q9dNeExKpKZvOXnyCj2adg9yKBZJzXvmqN7ePn2tp8hHmu2t8CB74h+m9GF7LonfacfA==",
      "license": "Unlicense"
    }
  }
}
